
Microsoft Visual Studio Solution File, Format Version 12.00
# Visual Studio Version 16
VisualStudioVersion = 16.0.30621.155
MinimumVisualStudioVersion = 10.0.40219.1
Project("{FAE04EC0-301F-11D3-BF4B-00C04F79EFBC}") = "Epam-4.4", "Epam-4.4\Epam-4.4.csproj", "{25477102-FF9C-49E7-AD3F-2BA0C4E2BF23}"
EndProject
Global
	GlobalSection(SolutionConfigurationPlatforms) = preSolution
		Debug|Any CPU = Debug|Any CPU
		Release|Any CPU = Release|Any CPU
	EndGlobalSection
	GlobalSection(ProjectConfigurationPlatforms) = postSolution
		{25477102-FF9C-49E7-AD3F-2BA0C4E2BF23}.Debug|Any CPU.ActiveCfg = Debug|Any CPU
		{25477102-FF9C-49E7-AD3F-2BA0C4E2BF23}.Debug|Any CPU.Build.0 = Debug|Any CPU
		{25477102-FF9C-49E7-AD3F-2BA0C4E2BF23}.Release|Any CPU.ActiveCfg = Release|Any CPU
		{25477102-FF9C-49E7-AD3F-2BA0C4E2BF23}.Release|Any CPU.Build.0 = Release|Any CPU
	EndGlobalSection
	GlobalSection(SolutionProperties) = preSolution
		HideSolutionNode = FALSE
	EndGlobalSection
	GlobalSection(ExtensibilityGlobals) = postSolution
		SolutionGuid = {7E52F098-7052-4FDC-92D7-37E50B79DF31}
	EndGlobalSection
EndGlobal
