
Microsoft Visual Studio Solution File, Format Version 12.00
# Visual Studio Version 16
VisualStudioVersion = 16.0.30523.141
MinimumVisualStudioVersion = 10.0.40219.1
Project("{FAE04EC0-301F-11D3-BF4B-00C04F79EFBC}") = "Epam-1.3", "Epam-1.3.csproj", "{5AAE033F-5497-4ED4-B206-07E4B714785B}"
EndProject
Global
	GlobalSection(SolutionConfigurationPlatforms) = preSolution
		Debug|Any CPU = Debug|Any CPU
		Release|Any CPU = Release|Any CPU
	EndGlobalSection
	GlobalSection(ProjectConfigurationPlatforms) = postSolution
		{5AAE033F-5497-4ED4-B206-07E4B714785B}.Debug|Any CPU.ActiveCfg = Debug|Any CPU
		{5AAE033F-5497-4ED4-B206-07E4B714785B}.Debug|Any CPU.Build.0 = Debug|Any CPU
		{5AAE033F-5497-4ED4-B206-07E4B714785B}.Release|Any CPU.ActiveCfg = Release|Any CPU
		{5AAE033F-5497-4ED4-B206-07E4B714785B}.Release|Any CPU.Build.0 = Release|Any CPU
	EndGlobalSection
	GlobalSection(SolutionProperties) = preSolution
		HideSolutionNode = FALSE
	EndGlobalSection
	GlobalSection(ExtensibilityGlobals) = postSolution
		SolutionGuid = {52C82B8A-F393-4C14-8911-1A74182C193F}
	EndGlobalSection
EndGlobal
