
Microsoft Visual Studio Solution File, Format Version 12.00
# Visual Studio Version 16
VisualStudioVersion = 16.0.30611.23
MinimumVisualStudioVersion = 10.0.40219.1
Project("{FAE04EC0-301F-11D3-BF4B-00C04F79EFBC}") = "Epam-2.5", "Epam-2.5.csproj", "{B0B3FC9F-42A3-4E0C-BFCC-4D421E079CC7}"
EndProject
Global
	GlobalSection(SolutionConfigurationPlatforms) = preSolution
		Debug|Any CPU = Debug|Any CPU
		Release|Any CPU = Release|Any CPU
	EndGlobalSection
	GlobalSection(ProjectConfigurationPlatforms) = postSolution
		{B0B3FC9F-42A3-4E0C-BFCC-4D421E079CC7}.Debug|Any CPU.ActiveCfg = Debug|Any CPU
		{B0B3FC9F-42A3-4E0C-BFCC-4D421E079CC7}.Debug|Any CPU.Build.0 = Debug|Any CPU
		{B0B3FC9F-42A3-4E0C-BFCC-4D421E079CC7}.Release|Any CPU.ActiveCfg = Release|Any CPU
		{B0B3FC9F-42A3-4E0C-BFCC-4D421E079CC7}.Release|Any CPU.Build.0 = Release|Any CPU
	EndGlobalSection
	GlobalSection(SolutionProperties) = preSolution
		HideSolutionNode = FALSE
	EndGlobalSection
	GlobalSection(ExtensibilityGlobals) = postSolution
		SolutionGuid = {9E403A61-EC49-4E9C-9D43-493DCF9B5CD8}
	EndGlobalSection
EndGlobal
